
Microsoft Visual Studio Solution File, Format Version 12.00
# Visual Studio 2012
Project("{FAE04EC0-301F-11D3-BF4B-00C04F79EFBC}") = "CGG_project", "CGG_project\CGG_project.csproj", "{F2CBBBC0-CD3A-4F86-8153-2F5F842089FF}"
EndProject
Project("{FAE04EC0-301F-11D3-BF4B-00C04F79EFBC}") = "test", "test\test.csproj", "{180A12CB-D7F4-4DFD-AEDB-CC02EBF15E49}"
EndProject
Global
	GlobalSection(SolutionConfigurationPlatforms) = preSolution
		Debug|Any CPU = Debug|Any CPU
		Release|Any CPU = Release|Any CPU
	EndGlobalSection
	GlobalSection(ProjectConfigurationPlatforms) = postSolution
		{F2CBBBC0-CD3A-4F86-8153-2F5F842089FF}.Debug|Any CPU.ActiveCfg = Debug|Any CPU
		{F2CBBBC0-CD3A-4F86-8153-2F5F842089FF}.Debug|Any CPU.Build.0 = Debug|Any CPU
		{F2CBBBC0-CD3A-4F86-8153-2F5F842089FF}.Release|Any CPU.ActiveCfg = Release|Any CPU
		{F2CBBBC0-CD3A-4F86-8153-2F5F842089FF}.Release|Any CPU.Build.0 = Release|Any CPU
		{180A12CB-D7F4-4DFD-AEDB-CC02EBF15E49}.Debug|Any CPU.ActiveCfg = Debug|Any CPU
		{180A12CB-D7F4-4DFD-AEDB-CC02EBF15E49}.Debug|Any CPU.Build.0 = Debug|Any CPU
		{180A12CB-D7F4-4DFD-AEDB-CC02EBF15E49}.Release|Any CPU.ActiveCfg = Release|Any CPU
		{180A12CB-D7F4-4DFD-AEDB-CC02EBF15E49}.Release|Any CPU.Build.0 = Release|Any CPU
	EndGlobalSection
	GlobalSection(SolutionProperties) = preSolution
		HideSolutionNode = FALSE
	EndGlobalSection
EndGlobal
